# THIS IS AN AUTOGENERATED FILE. DO NOT EDIT THIS FILE DIRECTLY.
# yarn lockfile v1


"@figma/plugin-typings@^1.60.0":
  version "1.60.0"
  resolved "https://registry.yarnpkg.com/@figma/plugin-typings/-/plugin-typings-1.60.0.tgz#7ec260cf224c0406cc18edb16cfbfd269cccb5c7"
  integrity sha512-AyNSvqkc/4enhqQDmLvU/85ZjlIbQHRtUKxTdWanZ6o2FZh4u7Zt5HAMwuYrn/jO9ZAa7dXet9JDQ6uEcgmWYA==

typescript@^4.9.5:
  version "4.9.5"
  resolved "https://registry.yarnpkg.com/typescript/-/typescript-4.9.5.tgz#095979f9bcc0d09da324d58d03ce8f8374cbe65a"
  integrity sha512-1FXk9E2Hm+QzZQ7z+McJiHL4NW1F2EzMu9Nq9i3zAaGqibafqYwCVU6WyWAuyQRRzOlxou8xZSyXLEN8oKj24g==
